// !$*UTF8*$!
{
	archiveVersion = 1;
	classes = {
	};
	objectVersion = 46;
	objects = {

/* Begin PBXBuildFile section */
		D8934F641B4EBE3800D0B53D /* libopencv_calib3d.3.0.0.dylib in Frameworks */ = {isa = PBXBuildFile; fileRef = D8934F341B4EBE3800D0B53D /* libopencv_calib3d.3.0.0.dylib */; };
		D8934F651B4EBE3800D0B53D /* libopencv_calib3d.3.0.0.dylib in Frameworks */ = {isa = PBXBuildFile; fileRef = D8934F351B4EBE3800D0B53D /* libopencv_calib3d.3.0.0.dylib */; };
		D8934F661B4EBE3800D0B53D /* libopencv_calib3d.3.0.0.dylib in Frameworks */ = {isa = PBXBuildFile; fileRef = D8934F361B4EBE3800D0B53D /* libopencv_calib3d.3.0.0.dylib */; };
		D8934F671B4EBE3800D0B53D /* libopencv_core.3.0.0.dylib in Frameworks */ = {isa = PBXBuildFile; fileRef = D8934F371B4EBE3800D0B53D /* libopencv_core.3.0.0.dylib */; };
		D8934F681B4EBE3800D0B53D /* libopencv_core.3.0.0.dylib in Frameworks */ = {isa = PBXBuildFile; fileRef = D8934F381B4EBE3800D0B53D /* libopencv_core.3.0.0.dylib */; };
		D8934F691B4EBE3800D0B53D /* libopencv_core.3.0.0.dylib in Frameworks */ = {isa = PBXBuildFile; fileRef = D8934F391B4EBE3800D0B53D /* libopencv_core.3.0.0.dylib */; };
		D8934F6A1B4EBE3800D0B53D /* libopencv_features2d.3.0.0.dylib in Frameworks */ = {isa = PBXBuildFile; fileRef = D8934F3A1B4EBE3800D0B53D /* libopencv_features2d.3.0.0.dylib */; };
		D8934F6B1B4EBE3800D0B53D /* libopencv_features2d.3.0.0.dylib in Frameworks */ = {isa = PBXBuildFile; fileRef = D8934F3B1B4EBE3800D0B53D /* libopencv_features2d.3.0.0.dylib */; };
		D8934F6C1B4EBE3800D0B53D /* libopencv_features2d.3.0.0.dylib in Frameworks */ = {isa = PBXBuildFile; fileRef = D8934F3C1B4EBE3800D0B53D /* libopencv_features2d.3.0.0.dylib */; };
		D8934F6D1B4EBE3800D0B53D /* libopencv_flann.3.0.0.dylib in Frameworks */ = {isa = PBXBuildFile; fileRef = D8934F3D1B4EBE3800D0B53D /* libopencv_flann.3.0.0.dylib */; };
		D8934F6E1B4EBE3800D0B53D /* libopencv_flann.3.0.0.dylib in Frameworks */ = {isa = PBXBuildFile; fileRef = D8934F3E1B4EBE3800D0B53D /* libopencv_flann.3.0.0.dylib */; };
		D8934F6F1B4EBE3800D0B53D /* libopencv_flann.3.0.0.dylib in Frameworks */ = {isa = PBXBuildFile; fileRef = D8934F3F1B4EBE3800D0B53D /* libopencv_flann.3.0.0.dylib */; };
		D8934F701B4EBE3800D0B53D /* libopencv_highgui.3.0.0.dylib in Frameworks */ = {isa = PBXBuildFile; fileRef = D8934F401B4EBE3800D0B53D /* libopencv_highgui.3.0.0.dylib */; };
		D8934F711B4EBE3800D0B53D /* libopencv_highgui.3.0.0.dylib in Frameworks */ = {isa = PBXBuildFile; fileRef = D8934F411B4EBE3800D0B53D /* libopencv_highgui.3.0.0.dylib */; };
		D8934F721B4EBE3800D0B53D /* libopencv_highgui.3.0.0.dylib in Frameworks */ = {isa = PBXBuildFile; fileRef = D8934F421B4EBE3800D0B53D /* libopencv_highgui.3.0.0.dylib */; };
		D8934F731B4EBE3800D0B53D /* libopencv_imgcodecs.3.0.0.dylib in Frameworks */ = {isa = PBXBuildFile; fileRef = D8934F431B4EBE3800D0B53D /* libopencv_imgcodecs.3.0.0.dylib */; };
		D8934F741B4EBE3800D0B53D /* libopencv_imgcodecs.3.0.0.dylib in Frameworks */ = {isa = PBXBuildFile; fileRef = D8934F441B4EBE3800D0B53D /* libopencv_imgcodecs.3.0.0.dylib */; };
		D8934F751B4EBE3800D0B53D /* libopencv_imgcodecs.3.0.0.dylib in Frameworks */ = {isa = PBXBuildFile; fileRef = D8934F451B4EBE3800D0B53D /* libopencv_imgcodecs.3.0.0.dylib */; };
		D8934F761B4EBE3800D0B53D /* libopencv_imgproc.3.0.0.dylib in Frameworks */ = {isa = PBXBuildFile; fileRef = D8934F461B4EBE3800D0B53D /* libopencv_imgproc.3.0.0.dylib */; };
		D8934F771B4EBE3800D0B53D /* libopencv_imgproc.3.0.0.dylib in Frameworks */ = {isa = PBXBuildFile; fileRef = D8934F471B4EBE3800D0B53D /* libopencv_imgproc.3.0.0.dylib */; };
		D8934F781B4EBE3800D0B53D /* libopencv_imgproc.3.0.0.dylib in Frameworks */ = {isa = PBXBuildFile; fileRef = D8934F481B4EBE3800D0B53D /* libopencv_imgproc.3.0.0.dylib */; };
		D8934F791B4EBE3800D0B53D /* libopencv_ml.3.0.0.dylib in Frameworks */ = {isa = PBXBuildFile; fileRef = D8934F491B4EBE3800D0B53D /* libopencv_ml.3.0.0.dylib */; };
		D8934F7A1B4EBE3800D0B53D /* libopencv_ml.3.0.0.dylib in Frameworks */ = {isa = PBXBuildFile; fileRef = D8934F4A1B4EBE3800D0B53D /* libopencv_ml.3.0.0.dylib */; };
		D8934F7B1B4EBE3800D0B53D /* libopencv_ml.3.0.0.dylib in Frameworks */ = {isa = PBXBuildFile; fileRef = D8934F4B1B4EBE3800D0B53D /* libopencv_ml.3.0.0.dylib */; };
		D8934F7C1B4EBE3800D0B53D /* libopencv_objdetect.3.0.0.dylib in Frameworks */ = {isa = PBXBuildFile; fileRef = D8934F4C1B4EBE3800D0B53D /* libopencv_objdetect.3.0.0.dylib */; };
		D8934F7D1B4EBE3800D0B53D /* libopencv_objdetect.3.0.0.dylib in Frameworks */ = {isa = PBXBuildFile; fileRef = D8934F4D1B4EBE3800D0B53D /* libopencv_objdetect.3.0.0.dylib */; };
		D8934F7E1B4EBE3800D0B53D /* libopencv_objdetect.3.0.0.dylib in Frameworks */ = {isa = PBXBuildFile; fileRef = D8934F4E1B4EBE3800D0B53D /* libopencv_objdetect.3.0.0.dylib */; };
		D8934F7F1B4EBE3800D0B53D /* libopencv_photo.3.0.0.dylib in Frameworks */ = {isa = PBXBuildFile; fileRef = D8934F4F1B4EBE3800D0B53D /* libopencv_photo.3.0.0.dylib */; };
		D8934F801B4EBE3800D0B53D /* libopencv_photo.3.0.0.dylib in Frameworks */ = {isa = PBXBuildFile; fileRef = D8934F501B4EBE3800D0B53D /* libopencv_photo.3.0.0.dylib */; };
		D8934F811B4EBE3800D0B53D /* libopencv_photo.3.0.0.dylib in Frameworks */ = {isa = PBXBuildFile; fileRef = D8934F511B4EBE3800D0B53D /* libopencv_photo.3.0.0.dylib */; };
		D8934F821B4EBE3800D0B53D /* libopencv_shape.3.0.0.dylib in Frameworks */ = {isa = PBXBuildFile; fileRef = D8934F521B4EBE3800D0B53D /* libopencv_shape.3.0.0.dylib */; };
		D8934F831B4EBE3800D0B53D /* libopencv_shape.3.0.0.dylib in Frameworks */ = {isa = PBXBuildFile; fileRef = D8934F531B4EBE3800D0B53D /* libopencv_shape.3.0.0.dylib */; };
		D8934F841B4EBE3800D0B53D /* libopencv_shape.3.0.0.dylib in Frameworks */ = {isa = PBXBuildFile; fileRef = D8934F541B4EBE3800D0B53D /* libopencv_shape.3.0.0.dylib */; };
		D8934F851B4EBE3800D0B53D /* libopencv_stitching.3.0.0.dylib in Frameworks */ = {isa = PBXBuildFile; fileRef = D8934F551B4EBE3800D0B53D /* libopencv_stitching.3.0.0.dylib */; };
		D8934F861B4EBE3800D0B53D /* libopencv_stitching.3.0.0.dylib in Frameworks */ = {isa = PBXBuildFile; fileRef = D8934F561B4EBE3800D0B53D /* libopencv_stitching.3.0.0.dylib */; };
		D8934F871B4EBE3800D0B53D /* libopencv_stitching.3.0.0.dylib in Frameworks */ = {isa = PBXBuildFile; fileRef = D8934F571B4EBE3800D0B53D /* libopencv_stitching.3.0.0.dylib */; };
		D8934F881B4EBE3800D0B53D /* libopencv_superres.3.0.0.dylib in Frameworks */ = {isa = PBXBuildFile; fileRef = D8934F581B4EBE3800D0B53D /* libopencv_superres.3.0.0.dylib */; };
		D8934F891B4EBE3800D0B53D /* libopencv_superres.3.0.0.dylib in Frameworks */ = {isa = PBXBuildFile; fileRef = D8934F591B4EBE3800D0B53D /* libopencv_superres.3.0.0.dylib */; };
		D8934F8A1B4EBE3800D0B53D /* libopencv_superres.3.0.0.dylib in Frameworks */ = {isa = PBXBuildFile; fileRef = D8934F5A1B4EBE3800D0B53D /* libopencv_superres.3.0.0.dylib */; };
		D8934F8B1B4EBE3800D0B53D /* libopencv_video.3.0.0.dylib in Frameworks */ = {isa = PBXBuildFile; fileRef = D8934F5B1B4EBE3800D0B53D /* libopencv_video.3.0.0.dylib */; };
		D8934F8C1B4EBE3800D0B53D /* libopencv_video.3.0.0.dylib in Frameworks */ = {isa = PBXBuildFile; fileRef = D8934F5C1B4EBE3800D0B53D /* libopencv_video.3.0.0.dylib */; };
		D8934F8D1B4EBE3800D0B53D /* libopencv_video.3.0.0.dylib in Frameworks */ = {isa = PBXBuildFile; fileRef = D8934F5D1B4EBE3800D0B53D /* libopencv_video.3.0.0.dylib */; };
		D8934F8E1B4EBE3800D0B53D /* libopencv_videoio.3.0.0.dylib in Frameworks */ = {isa = PBXBuildFile; fileRef = D8934F5E1B4EBE3800D0B53D /* libopencv_videoio.3.0.0.dylib */; };
		D8934F8F1B4EBE3800D0B53D /* libopencv_videoio.3.0.0.dylib in Frameworks */ = {isa = PBXBuildFile; fileRef = D8934F5F1B4EBE3800D0B53D /* libopencv_videoio.3.0.0.dylib */; };
		D8934F901B4EBE3800D0B53D /* libopencv_videoio.3.0.0.dylib in Frameworks */ = {isa = PBXBuildFile; fileRef = D8934F601B4EBE3800D0B53D /* libopencv_videoio.3.0.0.dylib */; };
		D8934F911B4EBE3800D0B53D /* libopencv_videostab.3.0.0.dylib in Frameworks */ = {isa = PBXBuildFile; fileRef = D8934F611B4EBE3800D0B53D /* libopencv_videostab.3.0.0.dylib */; };
		D8934F921B4EBE3800D0B53D /* libopencv_videostab.3.0.0.dylib in Frameworks */ = {isa = PBXBuildFile; fileRef = D8934F621B4EBE3800D0B53D /* libopencv_videostab.3.0.0.dylib */; };
		D8934F931B4EBE3800D0B53D /* libopencv_videostab.3.0.0.dylib in Frameworks */ = {isa = PBXBuildFile; fileRef = D8934F631B4EBE3800D0B53D /* libopencv_videostab.3.0.0.dylib */; };
		D8934F981B4EBEA100D0B53D /* compute_direction_angles.cpp in Sources */ = {isa = PBXBuildFile; fileRef = D8934F951B4EBEA100D0B53D /* compute_direction_angles.cpp */; };
		D8934F991B4EBEA100D0B53D /* save_img.cpp in Sources */ = {isa = PBXBuildFile; fileRef = D8934F961B4EBEA100D0B53D /* save_img.cpp */; };
		D8934F9A1B4EBEA100D0B53D /* svmtest.cpp in Sources */ = {isa = PBXBuildFile; fileRef = D8934F971B4EBEA100D0B53D /* svmtest.cpp */; };
/* End PBXBuildFile section */

/* Begin PBXCopyFilesBuildPhase section */
		D8934F281B4EBDF900D0B53D /* CopyFiles */ = {
			isa = PBXCopyFilesBuildPhase;
			buildActionMask = 2147483647;
			dstPath = /usr/share/man/man1/;
			dstSubfolderSpec = 0;
			files = (
			);
			runOnlyForDeploymentPostprocessing = 1;
		};
/* End PBXCopyFilesBuildPhase section */

/* Begin PBXFileReference section */
		D8934F2A1B4EBDF900D0B53D /* svm_test */ = {isa = PBXFileReference; explicitFileType = "compiled.mach-o.executable"; includeInIndex = 0; path = svm_test; sourceTree = BUILT_PRODUCTS_DIR; };
		D8934F341B4EBE3800D0B53D /* libopencv_calib3d.3.0.0.dylib */ = {isa = PBXFileReference; lastKnownFileType = "compiled.mach-o.dylib"; name = libopencv_calib3d.3.0.0.dylib; path = /usr/local/lib/libopencv_calib3d.3.0.0.dylib; sourceTree = "<absolute>"; };
		D8934F351B4EBE3800D0B53D /* libopencv_calib3d.3.0.0.dylib */ = {isa = PBXFileReference; lastKnownFileType = "compiled.mach-o.dylib"; name = libopencv_calib3d.3.0.0.dylib; path = /usr/local/lib/libopencv_calib3d.3.0.0.dylib; sourceTree = "<absolute>"; };
		D8934F361B4EBE3800D0B53D /* libopencv_calib3d.3.0.0.dylib */ = {isa = PBXFileReference; lastKnownFileType = "compiled.mach-o.dylib"; name = libopencv_calib3d.3.0.0.dylib; path = /usr/local/lib/libopencv_calib3d.3.0.0.dylib; sourceTree = "<absolute>"; };
		D8934F371B4EBE3800D0B53D /* libopencv_core.3.0.0.dylib */ = {isa = PBXFileReference; lastKnownFileType = "compiled.mach-o.dylib"; name = libopencv_core.3.0.0.dylib; path = /usr/local/lib/libopencv_core.3.0.0.dylib; sourceTree = "<absolute>"; };
		D8934F381B4EBE3800D0B53D /* libopencv_core.3.0.0.dylib */ = {isa = PBXFileReference; lastKnownFileType = "compiled.mach-o.dylib"; name = libopencv_core.3.0.0.dylib; path = /usr/local/lib/libopencv_core.3.0.0.dylib; sourceTree = "<absolute>"; };
		D8934F391B4EBE3800D0B53D /* libopencv_core.3.0.0.dylib */ = {isa = PBXFileReference; lastKnownFileType = "compiled.mach-o.dylib"; name = libopencv_core.3.0.0.dylib; path = /usr/local/lib/libopencv_core.3.0.0.dylib; sourceTree = "<absolute>"; };
		D8934F3A1B4EBE3800D0B53D /* libopencv_features2d.3.0.0.dylib */ = {isa = PBXFileReference; lastKnownFileType = "compiled.mach-o.dylib"; name = libopencv_features2d.3.0.0.dylib; path = /usr/local/lib/libopencv_features2d.3.0.0.dylib; sourceTree = "<absolute>"; };
		D8934F3B1B4EBE3800D0B53D /* libopencv_features2d.3.0.0.dylib */ = {isa = PBXFileReference; lastKnownFileType = "compiled.mach-o.dylib"; name = libopencv_features2d.3.0.0.dylib; path = /usr/local/lib/libopencv_features2d.3.0.0.dylib; sourceTree = "<absolute>"; };
		D8934F3C1B4EBE3800D0B53D /* libopencv_features2d.3.0.0.dylib */ = {isa = PBXFileReference; lastKnownFileType = "compiled.mach-o.dylib"; name = libopencv_features2d.3.0.0.dylib; path = /usr/local/lib/libopencv_features2d.3.0.0.dylib; sourceTree = "<absolute>"; };
		D8934F3D1B4EBE3800D0B53D /* libopencv_flann.3.0.0.dylib */ = {isa = PBXFileReference; lastKnownFileType = "compiled.mach-o.dylib"; name = libopencv_flann.3.0.0.dylib; path = /usr/local/lib/libopencv_flann.3.0.0.dylib; sourceTree = "<absolute>"; };
		D8934F3E1B4EBE3800D0B53D /* libopencv_flann.3.0.0.dylib */ = {isa = PBXFileReference; lastKnownFileType = "compiled.mach-o.dylib"; name = libopencv_flann.3.0.0.dylib; path = /usr/local/lib/libopencv_flann.3.0.0.dylib; sourceTree = "<absolute>"; };
		D8934F3F1B4EBE3800D0B53D /* libopencv_flann.3.0.0.dylib */ = {isa = PBXFileReference; lastKnownFileType = "compiled.mach-o.dylib"; name = libopencv_flann.3.0.0.dylib; path = /usr/local/lib/libopencv_flann.3.0.0.dylib; sourceTree = "<absolute>"; };
		D8934F401B4EBE3800D0B53D /* libopencv_highgui.3.0.0.dylib */ = {isa = PBXFileReference; lastKnownFileType = "compiled.mach-o.dylib"; name = libopencv_highgui.3.0.0.dylib; path = /usr/local/lib/libopencv_highgui.3.0.0.dylib; sourceTree = "<absolute>"; };
		D8934F411B4EBE3800D0B53D /* libopencv_highgui.3.0.0.dylib */ = {isa = PBXFileReference; lastKnownFileType = "compiled.mach-o.dylib"; name = libopencv_highgui.3.0.0.dylib; path = /usr/local/lib/libopencv_highgui.3.0.0.dylib; sourceTree = "<absolute>"; };
		D8934F421B4EBE3800D0B53D /* libopencv_highgui.3.0.0.dylib */ = {isa = PBXFileReference; lastKnownFileType = "compiled.mach-o.dylib"; name = libopencv_highgui.3.0.0.dylib; path = /usr/local/lib/libopencv_highgui.3.0.0.dylib; sourceTree = "<absolute>"; };
		D8934F431B4EBE3800D0B53D /* libopencv_imgcodecs.3.0.0.dylib */ = {isa = PBXFileReference; lastKnownFileType = "compiled.mach-o.dylib"; name = libopencv_imgcodecs.3.0.0.dylib; path = /usr/local/lib/libopencv_imgcodecs.3.0.0.dylib; sourceTree = "<absolute>"; };
		D8934F441B4EBE3800D0B53D /* libopencv_imgcodecs.3.0.0.dylib */ = {isa = PBXFileReference; lastKnownFileType = "compiled.mach-o.dylib"; name = libopencv_imgcodecs.3.0.0.dylib; path = /usr/local/lib/libopencv_imgcodecs.3.0.0.dylib; sourceTree = "<absolute>"; };
		D8934F451B4EBE3800D0B53D /* libopencv_imgcodecs.3.0.0.dylib */ = {isa = PBXFileReference; lastKnownFileType = "compiled.mach-o.dylib"; name = libopencv_imgcodecs.3.0.0.dylib; path = /usr/local/lib/libopencv_imgcodecs.3.0.0.dylib; sourceTree = "<absolute>"; };
		D8934F461B4EBE3800D0B53D /* libopencv_imgproc.3.0.0.dylib */ = {isa = PBXFileReference; lastKnownFileType = "compiled.mach-o.dylib"; name = libopencv_imgproc.3.0.0.dylib; path = /usr/local/lib/libopencv_imgproc.3.0.0.dylib; sourceTree = "<absolute>"; };
		D8934F471B4EBE3800D0B53D /* libopencv_imgproc.3.0.0.dylib */ = {isa = PBXFileReference; lastKnownFileType = "compiled.mach-o.dylib"; name = libopencv_imgproc.3.0.0.dylib; path = /usr/local/lib/libopencv_imgproc.3.0.0.dylib; sourceTree = "<absolute>"; };
		D8934F481B4EBE3800D0B53D /* libopencv_imgproc.3.0.0.dylib */ = {isa = PBXFileReference; lastKnownFileType = "compiled.mach-o.dylib"; name = libopencv_imgproc.3.0.0.dylib; path = /usr/local/lib/libopencv_imgproc.3.0.0.dylib; sourceTree = "<absolute>"; };
		D8934F491B4EBE3800D0B53D /* libopencv_ml.3.0.0.dylib */ = {isa = PBXFileReference; lastKnownFileType = "compiled.mach-o.dylib"; name = libopencv_ml.3.0.0.dylib; path = /usr/local/lib/libopencv_ml.3.0.0.dylib; sourceTree = "<absolute>"; };
		D8934F4A1B4EBE3800D0B53D /* libopencv_ml.3.0.0.dylib */ = {isa = PBXFileReference; lastKnownFileType = "compiled.mach-o.dylib"; name = libopencv_ml.3.0.0.dylib; path = /usr/local/lib/libopencv_ml.3.0.0.dylib; sourceTree = "<absolute>"; };
		D8934F4B1B4EBE3800D0B53D /* libopencv_ml.3.0.0.dylib */ = {isa = PBXFileReference; lastKnownFileType = "compiled.mach-o.dylib"; name = libopencv_ml.3.0.0.dylib; path = /usr/local/lib/libopencv_ml.3.0.0.dylib; sourceTree = "<absolute>"; };
		D8934F4C1B4EBE3800D0B53D /* libopencv_objdetect.3.0.0.dylib */ = {isa = PBXFileReference; lastKnownFileType = "compiled.mach-o.dylib"; name = libopencv_objdetect.3.0.0.dylib; path = /usr/local/lib/libopencv_objdetect.3.0.0.dylib; sourceTree = "<absolute>"; };
		D8934F4D1B4EBE3800D0B53D /* libopencv_objdetect.3.0.0.dylib */ = {isa = PBXFileReference; lastKnownFileType = "compiled.mach-o.dylib"; name = libopencv_objdetect.3.0.0.dylib; path = /usr/local/lib/libopencv_objdetect.3.0.0.dylib; sourceTree = "<absolute>"; };
		D8934F4E1B4EBE3800D0B53D /* libopencv_objdetect.3.0.0.dylib */ = {isa = PBXFileReference; lastKnownFileType = "compiled.mach-o.dylib"; name = libopencv_objdetect.3.0.0.dylib; path = /usr/local/lib/libopencv_objdetect.3.0.0.dylib; sourceTree = "<absolute>"; };
		D8934F4F1B4EBE3800D0B53D /* libopencv_photo.3.0.0.dylib */ = {isa = PBXFileReference; lastKnownFileType = "compiled.mach-o.dylib"; name = libopencv_photo.3.0.0.dylib; path = /usr/local/lib/libopencv_photo.3.0.0.dylib; sourceTree = "<absolute>"; };
		D8934F501B4EBE3800D0B53D /* libopencv_photo.3.0.0.dylib */ = {isa = PBXFileReference; lastKnownFileType = "compiled.mach-o.dylib"; name = libopencv_photo.3.0.0.dylib; path = /usr/local/lib/libopencv_photo.3.0.0.dylib; sourceTree = "<absolute>"; };
		D8934F511B4EBE3800D0B53D /* libopencv_photo.3.0.0.dylib */ = {isa = PBXFileReference; lastKnownFileType = "compiled.mach-o.dylib"; name = libopencv_photo.3.0.0.dylib; path = /usr/local/lib/libopencv_photo.3.0.0.dylib; sourceTree = "<absolute>"; };
		D8934F521B4EBE3800D0B53D /* libopencv_shape.3.0.0.dylib */ = {isa = PBXFileReference; lastKnownFileType = "compiled.mach-o.dylib"; name = libopencv_shape.3.0.0.dylib; path = /usr/local/lib/libopencv_shape.3.0.0.dylib; sourceTree = "<absolute>"; };
		D8934F531B4EBE3800D0B53D /* libopencv_shape.3.0.0.dylib */ = {isa = PBXFileReference; lastKnownFileType = "compiled.mach-o.dylib"; name = libopencv_shape.3.0.0.dylib; path = /usr/local/lib/libopencv_shape.3.0.0.dylib; sourceTree = "<absolute>"; };
		D8934F541B4EBE3800D0B53D /* libopencv_shape.3.0.0.dylib */ = {isa = PBXFileReference; lastKnownFileType = "compiled.mach-o.dylib"; name = libopencv_shape.3.0.0.dylib; path = /usr/local/lib/libopencv_shape.3.0.0.dylib; sourceTree = "<absolute>"; };
		D8934F551B4EBE3800D0B53D /* libopencv_stitching.3.0.0.dylib */ = {isa = PBXFileReference; lastKnownFileType = "compiled.mach-o.dylib"; name = libopencv_stitching.3.0.0.dylib; path = /usr/local/lib/libopencv_stitching.3.0.0.dylib; sourceTree = "<absolute>"; };
		D8934F561B4EBE3800D0B53D /* libopencv_stitching.3.0.0.dylib */ = {isa = PBXFileReference; lastKnownFileType = "compiled.mach-o.dylib"; name = libopencv_stitching.3.0.0.dylib; path = /usr/local/lib/libopencv_stitching.3.0.0.dylib; sourceTree = "<absolute>"; };
		D8934F571B4EBE3800D0B53D /* libopencv_stitching.3.0.0.dylib */ = {isa = PBXFileReference; lastKnownFileType = "compiled.mach-o.dylib"; name = libopencv_stitching.3.0.0.dylib; path = /usr/local/lib/libopencv_stitching.3.0.0.dylib; sourceTree = "<absolute>"; };
		D8934F581B4EBE3800D0B53D /* libopencv_superres.3.0.0.dylib */ = {isa = PBXFileReference; lastKnownFileType = "compiled.mach-o.dylib"; name = libopencv_superres.3.0.0.dylib; path = /usr/local/lib/libopencv_superres.3.0.0.dylib; sourceTree = "<absolute>"; };
		D8934F591B4EBE3800D0B53D /* libopencv_superres.3.0.0.dylib */ = {isa = PBXFileReference; lastKnownFileType = "compiled.mach-o.dylib"; name = libopencv_superres.3.0.0.dylib; path = /usr/local/lib/libopencv_superres.3.0.0.dylib; sourceTree = "<absolute>"; };
		D8934F5A1B4EBE3800D0B53D /* libopencv_superres.3.0.0.dylib */ = {isa = PBXFileReference; lastKnownFileType = "compiled.mach-o.dylib"; name = libopencv_superres.3.0.0.dylib; path = /usr/local/lib/libopencv_superres.3.0.0.dylib; sourceTree = "<absolute>"; };
		D8934F5B1B4EBE3800D0B53D /* libopencv_video.3.0.0.dylib */ = {isa = PBXFileReference; lastKnownFileType = "compiled.mach-o.dylib"; name = libopencv_video.3.0.0.dylib; path = /usr/local/lib/libopencv_video.3.0.0.dylib; sourceTree = "<absolute>"; };
		D8934F5C1B4EBE3800D0B53D /* libopencv_video.3.0.0.dylib */ = {isa = PBXFileReference; lastKnownFileType = "compiled.mach-o.dylib"; name = libopencv_video.3.0.0.dylib; path = /usr/local/lib/libopencv_video.3.0.0.dylib; sourceTree = "<absolute>"; };
		D8934F5D1B4EBE3800D0B53D /* libopencv_video.3.0.0.dylib */ = {isa = PBXFileReference; lastKnownFileType = "compiled.mach-o.dylib"; name = libopencv_video.3.0.0.dylib; path = /usr/local/lib/libopencv_video.3.0.0.dylib; sourceTree = "<absolute>"; };
		D8934F5E1B4EBE3800D0B53D /* libopencv_videoio.3.0.0.dylib */ = {isa = PBXFileReference; lastKnownFileType = "compiled.mach-o.dylib"; name = libopencv_videoio.3.0.0.dylib; path = /usr/local/lib/libopencv_videoio.3.0.0.dylib; sourceTree = "<absolute>"; };
		D8934F5F1B4EBE3800D0B53D /* libopencv_videoio.3.0.0.dylib */ = {isa = PBXFileReference; lastKnownFileType = "compiled.mach-o.dylib"; name = libopencv_videoio.3.0.0.dylib; path = /usr/local/lib/libopencv_videoio.3.0.0.dylib; sourceTree = "<absolute>"; };
		D8934F601B4EBE3800D0B53D /* libopencv_videoio.3.0.0.dylib */ = {isa = PBXFileReference; lastKnownFileType = "compiled.mach-o.dylib"; name = libopencv_videoio.3.0.0.dylib; path = /usr/local/lib/libopencv_videoio.3.0.0.dylib; sourceTree = "<absolute>"; };
		D8934F611B4EBE3800D0B53D /* libopencv_videostab.3.0.0.dylib */ = {isa = PBXFileReference; lastKnownFileType = "compiled.mach-o.dylib"; name = libopencv_videostab.3.0.0.dylib; path = /usr/local/lib/libopencv_videostab.3.0.0.dylib; sourceTree = "<absolute>"; };
		D8934F621B4EBE3800D0B53D /* libopencv_videostab.3.0.0.dylib */ = {isa = PBXFileReference; lastKnownFileType = "compiled.mach-o.dylib"; name = libopencv_videostab.3.0.0.dylib; path = /usr/local/lib/libopencv_videostab.3.0.0.dylib; sourceTree = "<absolute>"; };
		D8934F631B4EBE3800D0B53D /* libopencv_videostab.3.0.0.dylib */ = {isa = PBXFileReference; lastKnownFileType = "compiled.mach-o.dylib"; name = libopencv_videostab.3.0.0.dylib; path = /usr/local/lib/libopencv_videostab.3.0.0.dylib; sourceTree = "<absolute>"; };
		D8934F951B4EBEA100D0B53D /* compute_direction_angles.cpp */ = {isa = PBXFileReference; fileEncoding = 4; lastKnownFileType = sourcecode.cpp.cpp; path = compute_direction_angles.cpp; sourceTree = "<group>"; };
		D8934F961B4EBEA100D0B53D /* save_img.cpp */ = {isa = PBXFileReference; fileEncoding = 4; lastKnownFileType = sourcecode.cpp.cpp; path = save_img.cpp; sourceTree = "<group>"; };
		D8934F971B4EBEA100D0B53D /* svmtest.cpp */ = {isa = PBXFileReference; fileEncoding = 4; lastKnownFileType = sourcecode.cpp.cpp; path = svmtest.cpp; sourceTree = "<group>"; };
/* End PBXFileReference section */

/* Begin PBXFrameworksBuildPhase section */
		D8934F271B4EBDF900D0B53D /* Frameworks */ = {
			isa = PBXFrameworksBuildPhase;
			buildActionMask = 2147483647;
			files = (
				D8934F641B4EBE3800D0B53D /* libopencv_calib3d.3.0.0.dylib in Frameworks */,
				D8934F651B4EBE3800D0B53D /* libopencv_calib3d.3.0.0.dylib in Frameworks */,
				D8934F661B4EBE3800D0B53D /* libopencv_calib3d.3.0.0.dylib in Frameworks */,
				D8934F671B4EBE3800D0B53D /* libopencv_core.3.0.0.dylib in Frameworks */,
				D8934F681B4EBE3800D0B53D /* libopencv_core.3.0.0.dylib in Frameworks */,
				D8934F691B4EBE3800D0B53D /* libopencv_core.3.0.0.dylib in Frameworks */,
				D8934F6A1B4EBE3800D0B53D /* libopencv_features2d.3.0.0.dylib in Frameworks */,
				D8934F6B1B4EBE3800D0B53D /* libopencv_features2d.3.0.0.dylib in Frameworks */,
				D8934F6C1B4EBE3800D0B53D /* libopencv_features2d.3.0.0.dylib in Frameworks */,
				D8934F6D1B4EBE3800D0B53D /* libopencv_flann.3.0.0.dylib in Frameworks */,
				D8934F6E1B4EBE3800D0B53D /* libopencv_flann.3.0.0.dylib in Frameworks */,
				D8934F6F1B4EBE3800D0B53D /* libopencv_flann.3.0.0.dylib in Frameworks */,
				D8934F701B4EBE3800D0B53D /* libopencv_highgui.3.0.0.dylib in Frameworks */,
				D8934F711B4EBE3800D0B53D /* libopencv_highgui.3.0.0.dylib in Frameworks */,
				D8934F721B4EBE3800D0B53D /* libopencv_highgui.3.0.0.dylib in Frameworks */,
				D8934F731B4EBE3800D0B53D /* libopencv_imgcodecs.3.0.0.dylib in Frameworks */,
				D8934F741B4EBE3800D0B53D /* libopencv_imgcodecs.3.0.0.dylib in Frameworks */,
				D8934F751B4EBE3800D0B53D /* libopencv_imgcodecs.3.0.0.dylib in Frameworks */,
				D8934F761B4EBE3800D0B53D /* libopencv_imgproc.3.0.0.dylib in Frameworks */,
				D8934F771B4EBE3800D0B53D /* libopencv_imgproc.3.0.0.dylib in Frameworks */,
				D8934F781B4EBE3800D0B53D /* libopencv_imgproc.3.0.0.dylib in Frameworks */,
				D8934F791B4EBE3800D0B53D /* libopencv_ml.3.0.0.dylib in Frameworks */,
				D8934F7A1B4EBE3800D0B53D /* libopencv_ml.3.0.0.dylib in Frameworks */,
				D8934F7B1B4EBE3800D0B53D /* libopencv_ml.3.0.0.dylib in Frameworks */,
				D8934F7C1B4EBE3800D0B53D /* libopencv_objdetect.3.0.0.dylib in Frameworks */,
				D8934F7D1B4EBE3800D0B53D /* libopencv_objdetect.3.0.0.dylib in Frameworks */,
				D8934F7E1B4EBE3800D0B53D /* libopencv_objdetect.3.0.0.dylib in Frameworks */,
				D8934F7F1B4EBE3800D0B53D /* libopencv_photo.3.0.0.dylib in Frameworks */,
				D8934F801B4EBE3800D0B53D /* libopencv_photo.3.0.0.dylib in Frameworks */,
				D8934F811B4EBE3800D0B53D /* libopencv_photo.3.0.0.dylib in Frameworks */,
				D8934F821B4EBE3800D0B53D /* libopencv_shape.3.0.0.dylib in Frameworks */,
				D8934F831B4EBE3800D0B53D /* libopencv_shape.3.0.0.dylib in Frameworks */,
				D8934F841B4EBE3800D0B53D /* libopencv_shape.3.0.0.dylib in Frameworks */,
				D8934F851B4EBE3800D0B53D /* libopencv_stitching.3.0.0.dylib in Frameworks */,
				D8934F861B4EBE3800D0B53D /* libopencv_stitching.3.0.0.dylib in Frameworks */,
				D8934F871B4EBE3800D0B53D /* libopencv_stitching.3.0.0.dylib in Frameworks */,
				D8934F881B4EBE3800D0B53D /* libopencv_superres.3.0.0.dylib in Frameworks */,
				D8934F891B4EBE3800D0B53D /* libopencv_superres.3.0.0.dylib in Frameworks */,
				D8934F8A1B4EBE3800D0B53D /* libopencv_superres.3.0.0.dylib in Frameworks */,
				D8934F8B1B4EBE3800D0B53D /* libopencv_video.3.0.0.dylib in Frameworks */,
				D8934F8C1B4EBE3800D0B53D /* libopencv_video.3.0.0.dylib in Frameworks */,
				D8934F8D1B4EBE3800D0B53D /* libopencv_video.3.0.0.dylib in Frameworks */,
				D8934F8E1B4EBE3800D0B53D /* libopencv_videoio.3.0.0.dylib in Frameworks */,
				D8934F8F1B4EBE3800D0B53D /* libopencv_videoio.3.0.0.dylib in Frameworks */,
				D8934F901B4EBE3800D0B53D /* libopencv_videoio.3.0.0.dylib in Frameworks */,
				D8934F911B4EBE3800D0B53D /* libopencv_videostab.3.0.0.dylib in Frameworks */,
				D8934F921B4EBE3800D0B53D /* libopencv_videostab.3.0.0.dylib in Frameworks */,
				D8934F931B4EBE3800D0B53D /* libopencv_videostab.3.0.0.dylib in Frameworks */,
			);
			runOnlyForDeploymentPostprocessing = 0;
		};
/* End PBXFrameworksBuildPhase section */

/* Begin PBXGroup section */
		D8934F211B4EBDF900D0B53D = {
			isa = PBXGroup;
			children = (
				D8934F941B4EBE3E00D0B53D /* dylib */,
				D8934F2C1B4EBDF900D0B53D /* svm_test */,
				D8934F2B1B4EBDF900D0B53D /* Products */,
			);
			sourceTree = "<group>";
		};
		D8934F2B1B4EBDF900D0B53D /* Products */ = {
			isa = PBXGroup;
			children = (
				D8934F2A1B4EBDF900D0B53D /* svm_test */,
			);
			name = Products;
			sourceTree = "<group>";
		};
		D8934F2C1B4EBDF900D0B53D /* svm_test */ = {
			isa = PBXGroup;
			children = (
				D8934F951B4EBEA100D0B53D /* compute_direction_angles.cpp */,
				D8934F961B4EBEA100D0B53D /* save_img.cpp */,
				D8934F971B4EBEA100D0B53D /* svmtest.cpp */,
			);
			path = svm_test;
			sourceTree = "<group>";
		};
		D8934F941B4EBE3E00D0B53D /* dylib */ = {
			isa = PBXGroup;
			children = (
				D8934F341B4EBE3800D0B53D /* libopencv_calib3d.3.0.0.dylib */,
				D8934F351B4EBE3800D0B53D /* libopencv_calib3d.3.0.0.dylib */,
				D8934F361B4EBE3800D0B53D /* libopencv_calib3d.3.0.0.dylib */,
				D8934F371B4EBE3800D0B53D /* libopencv_core.3.0.0.dylib */,
				D8934F381B4EBE3800D0B53D /* libopencv_core.3.0.0.dylib */,
				D8934F391B4EBE3800D0B53D /* libopencv_core.3.0.0.dylib */,
				D8934F3A1B4EBE3800D0B53D /* libopencv_features2d.3.0.0.dylib */,
				D8934F3B1B4EBE3800D0B53D /* libopencv_features2d.3.0.0.dylib */,
				D8934F3C1B4EBE3800D0B53D /* libopencv_features2d.3.0.0.dylib */,
				D8934F3D1B4EBE3800D0B53D /* libopencv_flann.3.0.0.dylib */,
				D8934F3E1B4EBE3800D0B53D /* libopencv_flann.3.0.0.dylib */,
				D8934F3F1B4EBE3800D0B53D /* libopencv_flann.3.0.0.dylib */,
				D8934F401B4EBE3800D0B53D /* libopencv_highgui.3.0.0.dylib */,
				D8934F411B4EBE3800D0B53D /* libopencv_highgui.3.0.0.dylib */,
				D8934F421B4EBE3800D0B53D /* libopencv_highgui.3.0.0.dylib */,
				D8934F431B4EBE3800D0B53D /* libopencv_imgcodecs.3.0.0.dylib */,
				D8934F441B4EBE3800D0B53D /* libopencv_imgcodecs.3.0.0.dylib */,
				D8934F451B4EBE3800D0B53D /* libopencv_imgcodecs.3.0.0.dylib */,
				D8934F461B4EBE3800D0B53D /* libopencv_imgproc.3.0.0.dylib */,
				D8934F471B4EBE3800D0B53D /* libopencv_imgproc.3.0.0.dylib */,
				D8934F481B4EBE3800D0B53D /* libopencv_imgproc.3.0.0.dylib */,
				D8934F491B4EBE3800D0B53D /* libopencv_ml.3.0.0.dylib */,
				D8934F4A1B4EBE3800D0B53D /* libopencv_ml.3.0.0.dylib */,
				D8934F4B1B4EBE3800D0B53D /* libopencv_ml.3.0.0.dylib */,
				D8934F4C1B4EBE3800D0B53D /* libopencv_objdetect.3.0.0.dylib */,
				D8934F4D1B4EBE3800D0B53D /* libopencv_objdetect.3.0.0.dylib */,
				D8934F4E1B4EBE3800D0B53D /* libopencv_objdetect.3.0.0.dylib */,
				D8934F4F1B4EBE3800D0B53D /* libopencv_photo.3.0.0.dylib */,
				D8934F501B4EBE3800D0B53D /* libopencv_photo.3.0.0.dylib */,
				D8934F511B4EBE3800D0B53D /* libopencv_photo.3.0.0.dylib */,
				D8934F521B4EBE3800D0B53D /* libopencv_shape.3.0.0.dylib */,
				D8934F531B4EBE3800D0B53D /* libopencv_shape.3.0.0.dylib */,
				D8934F541B4EBE3800D0B53D /* libopencv_shape.3.0.0.dylib */,
				D8934F551B4EBE3800D0B53D /* libopencv_stitching.3.0.0.dylib */,
				D8934F561B4EBE3800D0B53D /* libopencv_stitching.3.0.0.dylib */,
				D8934F571B4EBE3800D0B53D /* libopencv_stitching.3.0.0.dylib */,
				D8934F581B4EBE3800D0B53D /* libopencv_superres.3.0.0.dylib */,
				D8934F591B4EBE3800D0B53D /* libopencv_superres.3.0.0.dylib */,
				D8934F5A1B4EBE3800D0B53D /* libopencv_superres.3.0.0.dylib */,
				D8934F5B1B4EBE3800D0B53D /* libopencv_video.3.0.0.dylib */,
				D8934F5C1B4EBE3800D0B53D /* libopencv_video.3.0.0.dylib */,
				D8934F5D1B4EBE3800D0B53D /* libopencv_video.3.0.0.dylib */,
				D8934F5E1B4EBE3800D0B53D /* libopencv_videoio.3.0.0.dylib */,
				D8934F5F1B4EBE3800D0B53D /* libopencv_videoio.3.0.0.dylib */,
				D8934F601B4EBE3800D0B53D /* libopencv_videoio.3.0.0.dylib */,
				D8934F611B4EBE3800D0B53D /* libopencv_videostab.3.0.0.dylib */,
				D8934F621B4EBE3800D0B53D /* libopencv_videostab.3.0.0.dylib */,
				D8934F631B4EBE3800D0B53D /* libopencv_videostab.3.0.0.dylib */,
			);
			name = dylib;
			sourceTree = "<group>";
		};
/* End PBXGroup section */

/* Begin PBXNativeTarget section */
		D8934F291B4EBDF900D0B53D /* svm_test */ = {
			isa = PBXNativeTarget;
			buildConfigurationList = D8934F311B4EBDF900D0B53D /* Build configuration list for PBXNativeTarget "svm_test" */;
			buildPhases = (
				D8934F261B4EBDF900D0B53D /* Sources */,
				D8934F271B4EBDF900D0B53D /* Frameworks */,
				D8934F281B4EBDF900D0B53D /* CopyFiles */,
			);
			buildRules = (
			);
			dependencies = (
			);
			name = svm_test;
			productName = svm_test;
			productReference = D8934F2A1B4EBDF900D0B53D /* svm_test */;
			productType = "com.apple.product-type.tool";
		};
/* End PBXNativeTarget section */

/* Begin PBXProject section */
		D8934F221B4EBDF900D0B53D /* Project object */ = {
			isa = PBXProject;
			attributes = {
				LastUpgradeCheck = 0630;
				ORGANIZATIONNAME = qiu;
				TargetAttributes = {
					D8934F291B4EBDF900D0B53D = {
						CreatedOnToolsVersion = 6.3.1;
					};
				};
			};
			buildConfigurationList = D8934F251B4EBDF900D0B53D /* Build configuration list for PBXProject "svm_test" */;
			compatibilityVersion = "Xcode 3.2";
			developmentRegion = English;
			hasScannedForEncodings = 0;
			knownRegions = (
				en,
			);
			mainGroup = D8934F211B4EBDF900D0B53D;
			productRefGroup = D8934F2B1B4EBDF900D0B53D /* Products */;
			projectDirPath = "";
			projectRoot = "";
			targets = (
				D8934F291B4EBDF900D0B53D /* svm_test */,
			);
		};
/* End PBXProject section */

/* Begin PBXSourcesBuildPhase section */
		D8934F261B4EBDF900D0B53D /* Sources */ = {
			isa = PBXSourcesBuildPhase;
			buildActionMask = 2147483647;
			files = (
				D8934F991B4EBEA100D0B53D /* save_img.cpp in Sources */,
				D8934F9A1B4EBEA100D0B53D /* svmtest.cpp in Sources */,
				D8934F981B4EBEA100D0B53D /* compute_direction_angles.cpp in Sources */,
			);
			runOnlyForDeploymentPostprocessing = 0;
		};
/* End PBXSourcesBuildPhase section */

/* Begin XCBuildConfiguration section */
		D8934F2F1B4EBDF900D0B53D /* Debug */ = {
			isa = XCBuildConfiguration;
			buildSettings = {
				ALWAYS_SEARCH_USER_PATHS = NO;
				CLANG_CXX_LANGUAGE_STANDARD = "gnu++0x";
				CLANG_CXX_LIBRARY = "libc++";
				CLANG_ENABLE_MODULES = YES;
				CLANG_ENABLE_OBJC_ARC = YES;
				CLANG_WARN_BOOL_CONVERSION = YES;
				CLANG_WARN_CONSTANT_CONVERSION = YES;
				CLANG_WARN_DIRECT_OBJC_ISA_USAGE = YES_ERROR;
				CLANG_WARN_EMPTY_BODY = YES;
				CLANG_WARN_ENUM_CONVERSION = YES;
				CLANG_WARN_INT_CONVERSION = YES;
				CLANG_WARN_OBJC_ROOT_CLASS = YES_ERROR;
				CLANG_WARN_UNREACHABLE_CODE = YES;
				CLANG_WARN__DUPLICATE_METHOD_MATCH = YES;
				COPY_PHASE_STRIP = NO;
				DEBUG_INFORMATION_FORMAT = dwarf;
				ENABLE_STRICT_OBJC_MSGSEND = YES;
				GCC_C_LANGUAGE_STANDARD = gnu99;
				GCC_DYNAMIC_NO_PIC = NO;
				GCC_NO_COMMON_BLOCKS = YES;
				GCC_OPTIMIZATION_LEVEL = 0;
				GCC_PREPROCESSOR_DEFINITIONS = (
					"DEBUG=1",
					"$(inherited)",
				);
				GCC_SYMBOLS_PRIVATE_EXTERN = NO;
				GCC_WARN_64_TO_32_BIT_CONVERSION = YES;
				GCC_WARN_ABOUT_RETURN_TYPE = YES_ERROR;
				GCC_WARN_UNDECLARED_SELECTOR = YES;
				GCC_WARN_UNINITIALIZED_AUTOS = YES_AGGRESSIVE;
				GCC_WARN_UNUSED_FUNCTION = YES;
				GCC_WARN_UNUSED_VARIABLE = YES;
				MACOSX_DEPLOYMENT_TARGET = 10.10;
				MTL_ENABLE_DEBUG_INFO = YES;
				ONLY_ACTIVE_ARCH = YES;
				SDKROOT = macosx;
			};
			name = Debug;
		};
		D8934F301B4EBDF900D0B53D /* Release */ = {
			isa = XCBuildConfiguration;
			buildSettings = {
				ALWAYS_SEARCH_USER_PATHS = NO;
				CLANG_CXX_LANGUAGE_STANDARD = "gnu++0x";
				CLANG_CXX_LIBRARY = "libc++";
				CLANG_ENABLE_MODULES = YES;
				CLANG_ENABLE_OBJC_ARC = YES;
				CLANG_WARN_BOOL_CONVERSION = YES;
				CLANG_WARN_CONSTANT_CONVERSION = YES;
				CLANG_WARN_DIRECT_OBJC_ISA_USAGE = YES_ERROR;
				CLANG_WARN_EMPTY_BODY = YES;
				CLANG_WARN_ENUM_CONVERSION = YES;
				CLANG_WARN_INT_CONVERSION = YES;
				CLANG_WARN_OBJC_ROOT_CLASS = YES_ERROR;
				CLANG_WARN_UNREACHABLE_CODE = YES;
				CLANG_WARN__DUPLICATE_METHOD_MATCH = YES;
				COPY_PHASE_STRIP = NO;
				DEBUG_INFORMATION_FORMAT = "dwarf-with-dsym";
				ENABLE_NS_ASSERTIONS = NO;
				ENABLE_STRICT_OBJC_MSGSEND = YES;
				GCC_C_LANGUAGE_STANDARD = gnu99;
				GCC_NO_COMMON_BLOCKS = YES;
				GCC_WARN_64_TO_32_BIT_CONVERSION = YES;
				GCC_WARN_ABOUT_RETURN_TYPE = YES_ERROR;
				GCC_WARN_UNDECLARED_SELECTOR = YES;
				GCC_WARN_UNINITIALIZED_AUTOS = YES_AGGRESSIVE;
				GCC_WARN_UNUSED_FUNCTION = YES;
				GCC_WARN_UNUSED_VARIABLE = YES;
				MACOSX_DEPLOYMENT_TARGET = 10.10;
				MTL_ENABLE_DEBUG_INFO = NO;
				SDKROOT = macosx;
			};
			name = Release;
		};
		D8934F321B4EBDF900D0B53D /* Debug */ = {
			isa = XCBuildConfiguration;
			buildSettings = {
				HEADER_SEARCH_PATHS = /usr/local/include;
				LIBRARY_SEARCH_PATHS = /usr/local/lib;
				PRODUCT_NAME = "$(TARGET_NAME)";
			};
			name = Debug;
		};
		D8934F331B4EBDF900D0B53D /* Release */ = {
			isa = XCBuildConfiguration;
			buildSettings = {
				HEADER_SEARCH_PATHS = /usr/local/include;
				LIBRARY_SEARCH_PATHS = /usr/local/lib;
				PRODUCT_NAME = "$(TARGET_NAME)";
			};
			name = Release;
		};
/* End XCBuildConfiguration section */

/* Begin XCConfigurationList section */
		D8934F251B4EBDF900D0B53D /* Build configuration list for PBXProject "svm_test" */ = {
			isa = XCConfigurationList;
			buildConfigurations = (
				D8934F2F1B4EBDF900D0B53D /* Debug */,
				D8934F301B4EBDF900D0B53D /* Release */,
			);
			defaultConfigurationIsVisible = 0;
			defaultConfigurationName = Release;
		};
		D8934F311B4EBDF900D0B53D /* Build configuration list for PBXNativeTarget "svm_test" */ = {
			isa = XCConfigurationList;
			buildConfigurations = (
				D8934F321B4EBDF900D0B53D /* Debug */,
				D8934F331B4EBDF900D0B53D /* Release */,
			);
			defaultConfigurationIsVisible = 0;
		};
/* End XCConfigurationList section */
	};
	rootObject = D8934F221B4EBDF900D0B53D /* Project object */;
}
